
Microsoft Visual Studio Solution File, Format Version 12.00
# Visual Studio Version 16
VisualStudioVersion = 16.0.31424.327
MinimumVisualStudioVersion = 10.0.40219.1
Project("{FAE04EC0-301F-11D3-BF4B-00C04F79EFBC}") = "Bdo.Characters.info.API", "Bdo.Characters.info.API.csproj", "{944D0669-6440-455B-9F2E-8E9E5CE7A0DB}"
EndProject
Project("{FAE04EC0-301F-11D3-BF4B-00C04F79EFBC}") = "Bdo.Characters.info.Data", "..\Bdo.Characters.info.Data\Bdo.Characters.info.Data.csproj", "{EC21A135-1C7A-4F9A-A141-B307F56DB17D}"
EndProject
Project("{FAE04EC0-301F-11D3-BF4B-00C04F79EFBC}") = "Bdo.Characters.info.Business", "..\Bdo.Characters.info.Business\Bdo.Characters.info.Business.csproj", "{B0A2ADC1-19C1-418B-A2BE-7E4C7746CCD8}"
EndProject
Global
	GlobalSection(SolutionConfigurationPlatforms) = preSolution
		Debug|Any CPU = Debug|Any CPU
		Release|Any CPU = Release|Any CPU
	EndGlobalSection
	GlobalSection(ProjectConfigurationPlatforms) = postSolution
		{944D0669-6440-455B-9F2E-8E9E5CE7A0DB}.Debug|Any CPU.ActiveCfg = Debug|Any CPU
		{944D0669-6440-455B-9F2E-8E9E5CE7A0DB}.Debug|Any CPU.Build.0 = Debug|Any CPU
		{944D0669-6440-455B-9F2E-8E9E5CE7A0DB}.Release|Any CPU.ActiveCfg = Release|Any CPU
		{944D0669-6440-455B-9F2E-8E9E5CE7A0DB}.Release|Any CPU.Build.0 = Release|Any CPU
		{EC21A135-1C7A-4F9A-A141-B307F56DB17D}.Debug|Any CPU.ActiveCfg = Debug|Any CPU
		{EC21A135-1C7A-4F9A-A141-B307F56DB17D}.Debug|Any CPU.Build.0 = Debug|Any CPU
		{EC21A135-1C7A-4F9A-A141-B307F56DB17D}.Release|Any CPU.ActiveCfg = Release|Any CPU
		{EC21A135-1C7A-4F9A-A141-B307F56DB17D}.Release|Any CPU.Build.0 = Release|Any CPU
		{B0A2ADC1-19C1-418B-A2BE-7E4C7746CCD8}.Debug|Any CPU.ActiveCfg = Debug|Any CPU
		{B0A2ADC1-19C1-418B-A2BE-7E4C7746CCD8}.Debug|Any CPU.Build.0 = Debug|Any CPU
		{B0A2ADC1-19C1-418B-A2BE-7E4C7746CCD8}.Release|Any CPU.ActiveCfg = Release|Any CPU
		{B0A2ADC1-19C1-418B-A2BE-7E4C7746CCD8}.Release|Any CPU.Build.0 = Release|Any CPU
	EndGlobalSection
	GlobalSection(SolutionProperties) = preSolution
		HideSolutionNode = FALSE
	EndGlobalSection
	GlobalSection(ExtensibilityGlobals) = postSolution
		SolutionGuid = {D7335F40-DDF6-4682-A698-054BCE16F501}
	EndGlobalSection
EndGlobal
